
Microsoft Visual Studio Solution File, Format Version 12.00
# Visual Studio Version 17
VisualStudioVersion = 17.11.35222.181
MinimumVisualStudioVersion = 10.0.40219.1
Project("{FAE04EC0-301F-11D3-BF4B-00C04F79EFBC}") = "Sentry", "Sentry\Sentry.csproj", "{6177DD32-CDD2-4F3D-8CBD-3527766C1878}"
EndProject
Global
	GlobalSection(SolutionConfigurationPlatforms) = preSolution
		Debug|Any CPU = Debug|Any CPU
		Release|Any CPU = Release|Any CPU
	EndGlobalSection
	GlobalSection(ProjectConfigurationPlatforms) = postSolution
		{6177DD32-CDD2-4F3D-8CBD-3527766C1878}.Debug|Any CPU.ActiveCfg = Debug|Any CPU
		{6177DD32-CDD2-4F3D-8CBD-3527766C1878}.Debug|Any CPU.Build.0 = Debug|Any CPU
		{6177DD32-CDD2-4F3D-8CBD-3527766C1878}.Release|Any CPU.ActiveCfg = Release|Any CPU
		{6177DD32-CDD2-4F3D-8CBD-3527766C1878}.Release|Any CPU.Build.0 = Release|Any CPU
	EndGlobalSection
	GlobalSection(SolutionProperties) = preSolution
		HideSolutionNode = FALSE
	EndGlobalSection
	GlobalSection(ExtensibilityGlobals) = postSolution
		SolutionGuid = {C7838F73-C718-4437-B67A-DAB6958CD487}
	EndGlobalSection
EndGlobal
